
Microsoft Visual Studio Solution File, Format Version 12.00
# Visual Studio Version 16
VisualStudioVersion = 16.0.31911.196
MinimumVisualStudioVersion = 10.0.40219.1
Project("{FAE04EC0-301F-11D3-BF4B-00C04F79EFBC}") = "Lesson_17", "Lesson_17\Lesson_17.csproj", "{329AA971-450D-4F67-B5AE-170D63D0881D}"
EndProject
Global
	GlobalSection(SolutionConfigurationPlatforms) = preSolution
		Debug|Any CPU = Debug|Any CPU
		Release|Any CPU = Release|Any CPU
	EndGlobalSection
	GlobalSection(ProjectConfigurationPlatforms) = postSolution
		{329AA971-450D-4F67-B5AE-170D63D0881D}.Debug|Any CPU.ActiveCfg = Debug|Any CPU
		{329AA971-450D-4F67-B5AE-170D63D0881D}.Debug|Any CPU.Build.0 = Debug|Any CPU
		{329AA971-450D-4F67-B5AE-170D63D0881D}.Release|Any CPU.ActiveCfg = Release|Any CPU
		{329AA971-450D-4F67-B5AE-170D63D0881D}.Release|Any CPU.Build.0 = Release|Any CPU
	EndGlobalSection
	GlobalSection(SolutionProperties) = preSolution
		HideSolutionNode = FALSE
	EndGlobalSection
	GlobalSection(ExtensibilityGlobals) = postSolution
		SolutionGuid = {1C6D776F-C76B-437F-B835-14576912B15B}
	EndGlobalSection
EndGlobal
